
Microsoft Visual Studio Solution File, Format Version 12.00
# Visual Studio Version 17
VisualStudioVersion = 17.2.32602.215
MinimumVisualStudioVersion = 10.0.40219.1
Project("{FAE04EC0-301F-11D3-BF4B-00C04F79EFBC}") = "ProjeCore", "ProjeCore\ProjeCore.csproj", "{562EDC6F-54A0-4EBA-BD54-0F4E613F088E}"
EndProject
Global
	GlobalSection(SolutionConfigurationPlatforms) = preSolution
		Debug|Any CPU = Debug|Any CPU
		Release|Any CPU = Release|Any CPU
	EndGlobalSection
	GlobalSection(ProjectConfigurationPlatforms) = postSolution
		{562EDC6F-54A0-4EBA-BD54-0F4E613F088E}.Debug|Any CPU.ActiveCfg = Debug|Any CPU
		{562EDC6F-54A0-4EBA-BD54-0F4E613F088E}.Debug|Any CPU.Build.0 = Debug|Any CPU
		{562EDC6F-54A0-4EBA-BD54-0F4E613F088E}.Release|Any CPU.ActiveCfg = Release|Any CPU
		{562EDC6F-54A0-4EBA-BD54-0F4E613F088E}.Release|Any CPU.Build.0 = Release|Any CPU
	EndGlobalSection
	GlobalSection(SolutionProperties) = preSolution
		HideSolutionNode = FALSE
	EndGlobalSection
	GlobalSection(ExtensibilityGlobals) = postSolution
		SolutionGuid = {D07FFD9F-26FF-48BA-B794-6AFEE5E865CC}
	EndGlobalSection
EndGlobal
